
Microsoft Visual Studio Solution File, Format Version 12.00
# Visual Studio Version 17
VisualStudioVersion = 17.0.31612.314
MinimumVisualStudioVersion = 10.0.40219.1
Project("{FAE04EC0-301F-11D3-BF4B-00C04F79EFBC}") = "WebApiAutores", "WebApiAutores.csproj", "{3770A1C2-28E0-4BB9-A0A4-34A634BE33A9}"
EndProject
Global
	GlobalSection(SolutionConfigurationPlatforms) = preSolution
		Debug|Any CPU = Debug|Any CPU
		Release|Any CPU = Release|Any CPU
	EndGlobalSection
	GlobalSection(ProjectConfigurationPlatforms) = postSolution
		{3770A1C2-28E0-4BB9-A0A4-34A634BE33A9}.Debug|Any CPU.ActiveCfg = Debug|Any CPU
		{3770A1C2-28E0-4BB9-A0A4-34A634BE33A9}.Debug|Any CPU.Build.0 = Debug|Any CPU
		{3770A1C2-28E0-4BB9-A0A4-34A634BE33A9}.Release|Any CPU.ActiveCfg = Release|Any CPU
		{3770A1C2-28E0-4BB9-A0A4-34A634BE33A9}.Release|Any CPU.Build.0 = Release|Any CPU
	EndGlobalSection
	GlobalSection(SolutionProperties) = preSolution
		HideSolutionNode = FALSE
	EndGlobalSection
	GlobalSection(ExtensibilityGlobals) = postSolution
		SolutionGuid = {88DC4D3A-D7A7-4906-ACF1-DE7D7A26D85A}
	EndGlobalSection
EndGlobal
